// !$*UTF8*$!
{
	archiveVersion = 1;
	classes = {
	};
	objectVersion = 77;
	objects = {

/* Begin PBXBuildFile section */
		431712BF2EB2D0C600D5D218 /* QwenTokenizer in Resources */ = {isa = PBXBuildFile; fileRef = 431712BE2EB2D0C600D5D218 /* QwenTokenizer */; };
		43291AC62EA2D59F0024F77C /* Hub in Frameworks */ = {isa = PBXBuildFile; productRef = 43291AC52EA2D59F0024F77C /* Hub */; };
		43291AC82EA2D59F0024F77C /* Tokenizers in Frameworks */ = {isa = PBXBuildFile; productRef = 43291AC72EA2D59F0024F77C /* Tokenizers */; };
		43291ACA2EA2D59F0024F77C /* Transformers in Frameworks */ = {isa = PBXBuildFile; productRef = 43291AC92EA2D59F0024F77C /* Transformers */; };
		437773502E8CF2290026431B /* Folio in Frameworks */ = {isa = PBXBuildFile; productRef = 4377734F2E8CF2290026431B /* Folio */; };
/* End PBXBuildFile section */

/* Begin PBXFileReference section */
		431712BE2EB2D0C600D5D218 /* QwenTokenizer */ = {isa = PBXFileReference; lastKnownFileType = folder; name = QwenTokenizer; path = ScheduleAI/QwenTokenizer; sourceTree = "<group>"; };
		437773402E8CF1DE0026431B /* ScheduleAI.app */ = {isa = PBXFileReference; explicitFileType = wrapper.application; includeInIndex = 0; path = ScheduleAI.app; sourceTree = BUILT_PRODUCTS_DIR; };
/* End PBXFileReference section */

/* Begin PBXFileSystemSynchronizedBuildFileExceptionSet section */
		431712B42EB2D06A00D5D218 /* Exceptions for "ScheduleAI" folder in "ScheduleAI" target */ = {
			isa = PBXFileSystemSynchronizedBuildFileExceptionSet;
			membershipExceptions = (
				QwenTokenizer/config_sentence_transformers.json,
				QwenTokenizer/config.json,
				QwenTokenizer/generation_config.json,
				QwenTokenizer/merges.txt,
				QwenTokenizer/modules.json,
				QwenTokenizer/tokenizer_config.json,
				QwenTokenizer/tokenizer.json,
				QwenTokenizer/vocab.json,
			);
			target = 4377733F2E8CF1DE0026431B /* ScheduleAI */;
		};
/* End PBXFileSystemSynchronizedBuildFileExceptionSet section */

/* Begin PBXFileSystemSynchronizedRootGroup section */
		437773422E8CF1DE0026431B /* ScheduleAI */ = {
			isa = PBXFileSystemSynchronizedRootGroup;
			exceptions = (
				431712B42EB2D06A00D5D218 /* Exceptions for "ScheduleAI" folder in "ScheduleAI" target */,
			);
			path = ScheduleAI;
			sourceTree = "<group>";
		};
/* End PBXFileSystemSynchronizedRootGroup section */

/* Begin PBXFrameworksBuildPhase section */
		4377733D2E8CF1DE0026431B /* Frameworks */ = {
			isa = PBXFrameworksBuildPhase;
			buildActionMask = 2147483647;
			files = (
				43291AC82EA2D59F0024F77C /* Tokenizers in Frameworks */,
				43291AC62EA2D59F0024F77C /* Hub in Frameworks */,
				43291ACA2EA2D59F0024F77C /* Transformers in Frameworks */,
				437773502E8CF2290026431B /* Folio in Frameworks */,
			);
			runOnlyForDeploymentPostprocessing = 0;
		};
/* End PBXFrameworksBuildPhase section */

/* Begin PBXGroup section */
		437773372E8CF1DE0026431B = {
			isa = PBXGroup;
			children = (
				431712BE2EB2D0C600D5D218 /* QwenTokenizer */,
				437773422E8CF1DE0026431B /* ScheduleAI */,
				437773412E8CF1DE0026431B /* Products */,
			);
			sourceTree = "<group>";
		};
		437773412E8CF1DE0026431B /* Products */ = {
			isa = PBXGroup;
			children = (
				437773402E8CF1DE0026431B /* ScheduleAI.app */,
			);
			name = Products;
			sourceTree = "<group>";
		};
/* End PBXGroup section */

/* Begin PBXNativeTarget section */
		4377733F2E8CF1DE0026431B /* ScheduleAI */ = {
			isa = PBXNativeTarget;
			buildConfigurationList = 4377734B2E8CF1DF0026431B /* Build configuration list for PBXNativeTarget "ScheduleAI" */;
			buildPhases = (
				4377733C2E8CF1DE0026431B /* Sources */,
				4377733D2E8CF1DE0026431B /* Frameworks */,
				4377733E2E8CF1DE0026431B /* Resources */,
			);
			buildRules = (
			);
			dependencies = (
			);
			fileSystemSynchronizedGroups = (
				437773422E8CF1DE0026431B /* ScheduleAI */,
			);
			name = ScheduleAI;
			packageProductDependencies = (
				4377734F2E8CF2290026431B /* Folio */,
				43291AC52EA2D59F0024F77C /* Hub */,
				43291AC72EA2D59F0024F77C /* Tokenizers */,
				43291AC92EA2D59F0024F77C /* Transformers */,
			);
			productName = ScheduleAI;
			productReference = 437773402E8CF1DE0026431B /* ScheduleAI.app */;
			productType = "com.apple.product-type.application";
		};
/* End PBXNativeTarget section */

/* Begin PBXProject section */
		437773382E8CF1DE0026431B /* Project object */ = {
			isa = PBXProject;
			attributes = {
				BuildIndependentTargetsInParallel = 1;
				LastSwiftUpdateCheck = 2600;
				LastUpgradeCheck = 2600;
				TargetAttributes = {
					4377733F2E8CF1DE0026431B = {
						CreatedOnToolsVersion = 26.0;
					};
				};
			};
			buildConfigurationList = 4377733B2E8CF1DE0026431B /* Build configuration list for PBXProject "ScheduleAI" */;
			developmentRegion = en;
			hasScannedForEncodings = 0;
			knownRegions = (
				en,
				Base,
			);
			mainGroup = 437773372E8CF1DE0026431B;
			minimizedProjectReferenceProxies = 1;
			packageReferences = (
				4377734E2E8CF2290026431B /* XCRemoteSwiftPackageReference "Folio" */,
				43291AC42EA2D59F0024F77C /* XCRemoteSwiftPackageReference "swift-transformers" */,
			);
			preferredProjectObjectVersion = 77;
			productRefGroup = 437773412E8CF1DE0026431B /* Products */;
			projectDirPath = "";
			projectRoot = "";
			targets = (
				4377733F2E8CF1DE0026431B /* ScheduleAI */,
			);
		};
/* End PBXProject section */

/* Begin PBXResourcesBuildPhase section */
		4377733E2E8CF1DE0026431B /* Resources */ = {
			isa = PBXResourcesBuildPhase;
			buildActionMask = 2147483647;
			files = (
				431712BF2EB2D0C600D5D218 /* QwenTokenizer in Resources */,
			);
			runOnlyForDeploymentPostprocessing = 0;
		};
/* End PBXResourcesBuildPhase section */

/* Begin PBXSourcesBuildPhase section */
		4377733C2E8CF1DE0026431B /* Sources */ = {
			isa = PBXSourcesBuildPhase;
			buildActionMask = 2147483647;
			files = (
			);
			runOnlyForDeploymentPostprocessing = 0;
		};
/* End PBXSourcesBuildPhase section */

/* Begin XCBuildConfiguration section */
		437773492E8CF1DF0026431B /* Debug */ = {
			isa = XCBuildConfiguration;
			buildSettings = {
				ALWAYS_SEARCH_USER_PATHS = NO;
				ASSETCATALOG_COMPILER_GENERATE_SWIFT_ASSET_SYMBOL_EXTENSIONS = YES;
				CLANG_ANALYZER_NONNULL = YES;
				CLANG_ANALYZER_NUMBER_OBJECT_CONVERSION = YES_AGGRESSIVE;
				CLANG_CXX_LANGUAGE_STANDARD = "gnu++20";
				CLANG_ENABLE_MODULES = YES;
				CLANG_ENABLE_OBJC_ARC = YES;
				CLANG_ENABLE_OBJC_WEAK = YES;
				CLANG_WARN_BLOCK_CAPTURE_AUTORELEASING = YES;
				CLANG_WARN_BOOL_CONVERSION = YES;
				CLANG_WARN_COMMA = YES;
				CLANG_WARN_CONSTANT_CONVERSION = YES;
				CLANG_WARN_DEPRECATED_OBJC_IMPLEMENTATIONS = YES;
				CLANG_WARN_DIRECT_OBJC_ISA_USAGE = YES_ERROR;
				CLANG_WARN_DOCUMENTATION_COMMENTS = YES;
				CLANG_WARN_EMPTY_BODY = YES;
				CLANG_WARN_ENUM_CONVERSION = YES;
				CLANG_WARN_INFINITE_RECURSION = YES;
				CLANG_WARN_INT_CONVERSION = YES;
				CLANG_WARN_NON_LITERAL_NULL_CONVERSION = YES;
				CLANG_WARN_OBJC_IMPLICIT_RETAIN_SELF = YES;
				CLANG_WARN_OBJC_LITERAL_CONVERSION = YES;
				CLANG_WARN_OBJC_ROOT_CLASS = YES_ERROR;
				CLANG_WARN_QUOTED_INCLUDE_IN_FRAMEWORK_HEADER = YES;
				CLANG_WARN_RANGE_LOOP_ANALYSIS = YES;
				CLANG_WARN_STRICT_PROTOTYPES = YES;
				CLANG_WARN_SUSPICIOUS_MOVE = YES;
				CLANG_WARN_UNGUARDED_AVAILABILITY = YES_AGGRESSIVE;
				CLANG_WARN_UNREACHABLE_CODE = YES;
				CLANG_WARN__DUPLICATE_METHOD_MATCH = YES;
				COPY_PHASE_STRIP = NO;
				DEBUG_INFORMATION_FORMAT = dwarf;
				ENABLE_STRICT_OBJC_MSGSEND = YES;
				ENABLE_TESTABILITY = YES;
				ENABLE_USER_SCRIPT_SANDBOXING = YES;
				GCC_C_LANGUAGE_STANDARD = gnu17;
				GCC_DYNAMIC_NO_PIC = NO;
				GCC_NO_COMMON_BLOCKS = YES;
				GCC_OPTIMIZATION_LEVEL = 0;
				GCC_PREPROCESSOR_DEFINITIONS = (
					"DEBUG=1",
					"$(inherited)",
				);
				GCC_WARN_64_TO_32_BIT_CONVERSION = YES;
				GCC_WARN_ABOUT_RETURN_TYPE = YES_ERROR;
				GCC_WARN_UNDECLARED_SELECTOR = YES;
				GCC_WARN_UNINITIALIZED_AUTOS = YES_AGGRESSIVE;
				GCC_WARN_UNUSED_FUNCTION = YES;
				GCC_WARN_UNUSED_VARIABLE = YES;
				IPHONEOS_DEPLOYMENT_TARGET = 26.0;
				LOCALIZATION_PREFERS_STRING_CATALOGS = YES;
				MTL_ENABLE_DEBUG_INFO = INCLUDE_SOURCE;
				MTL_FAST_MATH = YES;
				ONLY_ACTIVE_ARCH = YES;
				SDKROOT = iphoneos;
				SWIFT_ACTIVE_COMPILATION_CONDITIONS = "DEBUG $(inherited)";
				SWIFT_OPTIMIZATION_LEVEL = "-Onone";
			};
			name = Debug;
		};
		4377734A2E8CF1DF0026431B /* Release */ = {
			isa = XCBuildConfiguration;
			buildSettings = {
				ALWAYS_SEARCH_USER_PATHS = NO;
				ASSETCATALOG_COMPILER_GENERATE_SWIFT_ASSET_SYMBOL_EXTENSIONS = YES;
				CLANG_ANALYZER_NONNULL = YES;
				CLANG_ANALYZER_NUMBER_OBJECT_CONVERSION = YES_AGGRESSIVE;
				CLANG_CXX_LANGUAGE_STANDARD = "gnu++20";
				CLANG_ENABLE_MODULES = YES;
				CLANG_ENABLE_OBJC_ARC = YES;
				CLANG_ENABLE_OBJC_WEAK = YES;
				CLANG_WARN_BLOCK_CAPTURE_AUTORELEASING = YES;
				CLANG_WARN_BOOL_CONVERSION = YES;
				CLANG_WARN_COMMA = YES;
				CLANG_WARN_CONSTANT_CONVERSION = YES;
				CLANG_WARN_DEPRECATED_OBJC_IMPLEMENTATIONS = YES;
				CLANG_WARN_DIRECT_OBJC_ISA_USAGE = YES_ERROR;
				CLANG_WARN_DOCUMENTATION_COMMENTS = YES;
				CLANG_WARN_EMPTY_BODY = YES;
				CLANG_WARN_ENUM_CONVERSION = YES;
				CLANG_WARN_INFINITE_RECURSION = YES;
				CLANG_WARN_INT_CONVERSION = YES;
				CLANG_WARN_NON_LITERAL_NULL_CONVERSION = YES;
				CLANG_WARN_OBJC_IMPLICIT_RETAIN_SELF = YES;
				CLANG_WARN_OBJC_LITERAL_CONVERSION = YES;
				CLANG_WARN_OBJC_ROOT_CLASS = YES_ERROR;
				CLANG_WARN_QUOTED_INCLUDE_IN_FRAMEWORK_HEADER = YES;
				CLANG_WARN_RANGE_LOOP_ANALYSIS = YES;
				CLANG_WARN_STRICT_PROTOTYPES = YES;
				CLANG_WARN_SUSPICIOUS_MOVE = YES;
				CLANG_WARN_UNGUARDED_AVAILABILITY = YES_AGGRESSIVE;
				CLANG_WARN_UNREACHABLE_CODE = YES;
				CLANG_WARN__DUPLICATE_METHOD_MATCH = YES;
				COPY_PHASE_STRIP = NO;
				DEBUG_INFORMATION_FORMAT = "dwarf-with-dsym";
				ENABLE_NS_ASSERTIONS = NO;
				ENABLE_STRICT_OBJC_MSGSEND = YES;
				ENABLE_USER_SCRIPT_SANDBOXING = YES;
				GCC_C_LANGUAGE_STANDARD = gnu17;
				GCC_NO_COMMON_BLOCKS = YES;
				GCC_WARN_64_TO_32_BIT_CONVERSION = YES;
				GCC_WARN_ABOUT_RETURN_TYPE = YES_ERROR;
				GCC_WARN_UNDECLARED_SELECTOR = YES;
				GCC_WARN_UNINITIALIZED_AUTOS = YES_AGGRESSIVE;
				GCC_WARN_UNUSED_FUNCTION = YES;
				GCC_WARN_UNUSED_VARIABLE = YES;
				IPHONEOS_DEPLOYMENT_TARGET = 26.0;
				LOCALIZATION_PREFERS_STRING_CATALOGS = YES;
				MTL_ENABLE_DEBUG_INFO = NO;
				MTL_FAST_MATH = YES;
				SDKROOT = iphoneos;
				SWIFT_COMPILATION_MODE = wholemodule;
				VALIDATE_PRODUCT = YES;
			};
			name = Release;
		};
		4377734C2E8CF1DF0026431B /* Debug */ = {
			isa = XCBuildConfiguration;
			buildSettings = {
				ASSETCATALOG_COMPILER_APPICON_NAME = AppIcon;
				ASSETCATALOG_COMPILER_GLOBAL_ACCENT_COLOR_NAME = AccentColor;
				CODE_SIGN_STYLE = Automatic;
				CURRENT_PROJECT_VERSION = 1;
				DEVELOPMENT_TEAM = 75UGG7JPWH;
				ENABLE_PREVIEWS = YES;
				ENABLE_USER_SCRIPT_SANDBOXING = NO;
				GENERATE_INFOPLIST_FILE = YES;
				INFOPLIST_KEY_UIApplicationSceneManifest_Generation = YES;
				INFOPLIST_KEY_UIApplicationSupportsIndirectInputEvents = YES;
				INFOPLIST_KEY_UILaunchScreen_Generation = YES;
				INFOPLIST_KEY_UISupportedInterfaceOrientations_iPad = "UIInterfaceOrientationPortrait UIInterfaceOrientationPortraitUpsideDown UIInterfaceOrientationLandscapeLeft UIInterfaceOrientationLandscapeRight";
				INFOPLIST_KEY_UISupportedInterfaceOrientations_iPhone = "UIInterfaceOrientationPortrait UIInterfaceOrientationLandscapeLeft UIInterfaceOrientationLandscapeRight";
				LD_RUNPATH_SEARCH_PATHS = (
					"$(inherited)",
					"@executable_path/Frameworks",
				);
				MARKETING_VERSION = 1.0;
				PRODUCT_BUNDLE_IDENTIFIER = com.twp.ScheduleAI;
				PRODUCT_NAME = "$(TARGET_NAME)";
				STRING_CATALOG_GENERATE_SYMBOLS = YES;
				SWIFT_APPROACHABLE_CONCURRENCY = YES;
				SWIFT_DEFAULT_ACTOR_ISOLATION = MainActor;
				SWIFT_EMIT_LOC_STRINGS = YES;
				SWIFT_UPCOMING_FEATURE_MEMBER_IMPORT_VISIBILITY = YES;
				SWIFT_VERSION = 5.0;
				TARGETED_DEVICE_FAMILY = "1,2";
			};
			name = Debug;
		};
		4377734D2E8CF1DF0026431B /* Release */ = {
			isa = XCBuildConfiguration;
			buildSettings = {
				ASSETCATALOG_COMPILER_APPICON_NAME = AppIcon;
				ASSETCATALOG_COMPILER_GLOBAL_ACCENT_COLOR_NAME = AccentColor;
				CODE_SIGN_STYLE = Automatic;
				CURRENT_PROJECT_VERSION = 1;
				DEVELOPMENT_TEAM = 75UGG7JPWH;
				ENABLE_PREVIEWS = YES;
				ENABLE_USER_SCRIPT_SANDBOXING = NO;
				GENERATE_INFOPLIST_FILE = YES;
				INFOPLIST_KEY_UIApplicationSceneManifest_Generation = YES;
				INFOPLIST_KEY_UIApplicationSupportsIndirectInputEvents = YES;
				INFOPLIST_KEY_UILaunchScreen_Generation = YES;
				INFOPLIST_KEY_UISupportedInterfaceOrientations_iPad = "UIInterfaceOrientationPortrait UIInterfaceOrientationPortraitUpsideDown UIInterfaceOrientationLandscapeLeft UIInterfaceOrientationLandscapeRight";
				INFOPLIST_KEY_UISupportedInterfaceOrientations_iPhone = "UIInterfaceOrientationPortrait UIInterfaceOrientationLandscapeLeft UIInterfaceOrientationLandscapeRight";
				LD_RUNPATH_SEARCH_PATHS = (
					"$(inherited)",
					"@executable_path/Frameworks",
				);
				MARKETING_VERSION = 1.0;
				PRODUCT_BUNDLE_IDENTIFIER = com.twp.ScheduleAI;
				PRODUCT_NAME = "$(TARGET_NAME)";
				STRING_CATALOG_GENERATE_SYMBOLS = YES;
				SWIFT_APPROACHABLE_CONCURRENCY = YES;
				SWIFT_DEFAULT_ACTOR_ISOLATION = MainActor;
				SWIFT_EMIT_LOC_STRINGS = YES;
				SWIFT_UPCOMING_FEATURE_MEMBER_IMPORT_VISIBILITY = YES;
				SWIFT_VERSION = 5.0;
				TARGETED_DEVICE_FAMILY = "1,2";
			};
			name = Release;
		};
/* End XCBuildConfiguration section */

/* Begin XCConfigurationList section */
		4377733B2E8CF1DE0026431B /* Build configuration list for PBXProject "ScheduleAI" */ = {
			isa = XCConfigurationList;
			buildConfigurations = (
				437773492E8CF1DF0026431B /* Debug */,
				4377734A2E8CF1DF0026431B /* Release */,
			);
			defaultConfigurationIsVisible = 0;
			defaultConfigurationName = Release;
		};
		4377734B2E8CF1DF0026431B /* Build configuration list for PBXNativeTarget "ScheduleAI" */ = {
			isa = XCConfigurationList;
			buildConfigurations = (
				4377734C2E8CF1DF0026431B /* Debug */,
				4377734D2E8CF1DF0026431B /* Release */,
			);
			defaultConfigurationIsVisible = 0;
			defaultConfigurationName = Release;
		};
/* End XCConfigurationList section */

/* Begin XCRemoteSwiftPackageReference section */
		43291AC42EA2D59F0024F77C /* XCRemoteSwiftPackageReference "swift-transformers" */ = {
			isa = XCRemoteSwiftPackageReference;
			repositoryURL = "https://github.com/huggingface/swift-transformers";
			requirement = {
				kind = upToNextMajorVersion;
				minimumVersion = 1.1.1;
			};
		};
		4377734E2E8CF2290026431B /* XCRemoteSwiftPackageReference "Folio" */ = {
			isa = XCRemoteSwiftPackageReference;
			repositoryURL = "https://github.com/lolbigtime/Folio";
			requirement = {
				branch = main;
				kind = branch;
			};
		};
/* End XCRemoteSwiftPackageReference section */

/* Begin XCSwiftPackageProductDependency section */
		43291AC52EA2D59F0024F77C /* Hub */ = {
			isa = XCSwiftPackageProductDependency;
			package = 43291AC42EA2D59F0024F77C /* XCRemoteSwiftPackageReference "swift-transformers" */;
			productName = Hub;
		};
		43291AC72EA2D59F0024F77C /* Tokenizers */ = {
			isa = XCSwiftPackageProductDependency;
			package = 43291AC42EA2D59F0024F77C /* XCRemoteSwiftPackageReference "swift-transformers" */;
			productName = Tokenizers;
		};
		43291AC92EA2D59F0024F77C /* Transformers */ = {
			isa = XCSwiftPackageProductDependency;
			package = 43291AC42EA2D59F0024F77C /* XCRemoteSwiftPackageReference "swift-transformers" */;
			productName = Transformers;
		};
		4377734F2E8CF2290026431B /* Folio */ = {
			isa = XCSwiftPackageProductDependency;
			package = 4377734E2E8CF2290026431B /* XCRemoteSwiftPackageReference "Folio" */;
			productName = Folio;
		};
/* End XCSwiftPackageProductDependency section */
	};
	rootObject = 437773382E8CF1DE0026431B /* Project object */;
}
